{
  "name": "kaholo-plugin-accelq",
  "version": "1.0.029112022",
  "lockfileVersion": 1,
  "requires": true,
  "dependencies": {
    "@kaholo/plugin-library": {
      "version": "2.1.2",
      "resolved": "https://registry.npmjs.org/@kaholo/plugin-library/-/plugin-library-2.1.2.tgz",
      "integrity": "sha512-u76QvbbmTX2IuyPU3hy2c68eKLI70nBwWjh3lkxwEinrcIcLG5gmcnwN+SZdfB+6jXxHv/8ajvKDz8H5zzgv/A==",
      "requires": {
        "lodash": "4.17.21"
      }
    },
    "lodash": {
      "version": "4.17.21",
      "resolved": "https://registry.npmjs.org/lodash/-/lodash-4.17.21.tgz",
      "integrity": "sha512-v2kDEe57lecTulaDIuNTPy3Ry4gLGJ6Z1O3vE1krgXZNrsQ+LFTGHVxVjcXPs17LhbZVGedAJv8XZ1tvj5FvSg=="
    }
  }
}
